// !$*UTF8*$!
{
	archiveVersion = 1;
	classes = {
	};
	objectVersion = 46;
	objects = {

/* Begin PBXBuildFile section */
		296B30B61A5012ED0039CB65 /* AppDelegate.swift in Sources */ = {isa = PBXBuildFile; fileRef = 296B30B51A5012ED0039CB65 /* AppDelegate.swift */; };
		296B30B91A5012ED0039CB65 /* SplitDataSourceFromTableView.xcdatamodeld in Sources */ = {isa = PBXBuildFile; fileRef = 296B30B71A5012ED0039CB65 /* SplitDataSourceFromTableView.xcdatamodeld */; };
		296B30BB1A5012ED0039CB65 /* ViewController.swift in Sources */ = {isa = PBXBuildFile; fileRef = 296B30BA1A5012ED0039CB65 /* ViewController.swift */; };
		296B30BE1A5012ED0039CB65 /* Main.storyboard in Resources */ = {isa = PBXBuildFile; fileRef = 296B30BC1A5012ED0039CB65 /* Main.storyboard */; };
		296B30C01A5012ED0039CB65 /* Images.xcassets in Resources */ = {isa = PBXBuildFile; fileRef = 296B30BF1A5012ED0039CB65 /* Images.xcassets */; };
		296B30C31A5012ED0039CB65 /* LaunchScreen.xib in Resources */ = {isa = PBXBuildFile; fileRef = 296B30C11A5012ED0039CB65 /* LaunchScreen.xib */; };
		296B30CF1A5012ED0039CB65 /* SplitDataSourceFromTableViewTests.swift in Sources */ = {isa = PBXBuildFile; fileRef = 296B30CE1A5012ED0039CB65 /* SplitDataSourceFromTableViewTests.swift */; };
/* End PBXBuildFile section */

/* Begin PBXContainerItemProxy section */
		296B30C91A5012ED0039CB65 /* PBXContainerItemProxy */ = {
			isa = PBXContainerItemProxy;
			containerPortal = 296B30A81A5012ED0039CB65 /* Project object */;
			proxyType = 1;
			remoteGlobalIDString = 296B30AF1A5012ED0039CB65;
			remoteInfo = SplitDataSourceFromTableView;
		};
/* End PBXContainerItemProxy section */

/* Begin PBXFileReference section */
		296B30B01A5012ED0039CB65 /* SplitDataSourceFromTableView.app */ = {isa = PBXFileReference; explicitFileType = wrapper.application; includeInIndex = 0; path = SplitDataSourceFromTableView.app; sourceTree = BUILT_PRODUCTS_DIR; };
		296B30B41A5012ED0039CB65 /* Info.plist */ = {isa = PBXFileReference; lastKnownFileType = text.plist.xml; path = Info.plist; sourceTree = "<group>"; };
		296B30B51A5012ED0039CB65 /* AppDelegate.swift */ = {isa = PBXFileReference; lastKnownFileType = sourcecode.swift; path = AppDelegate.swift; sourceTree = "<group>"; };
		296B30B81A5012ED0039CB65 /* SplitDataSourceFromTableView.xcdatamodel */ = {isa = PBXFileReference; lastKnownFileType = wrapper.xcdatamodel; path = SplitDataSourceFromTableView.xcdatamodel; sourceTree = "<group>"; };
		296B30BA1A5012ED0039CB65 /* ViewController.swift */ = {isa = PBXFileReference; lastKnownFileType = sourcecode.swift; path = ViewController.swift; sourceTree = "<group>"; };
		296B30BD1A5012ED0039CB65 /* Base */ = {isa = PBXFileReference; lastKnownFileType = file.storyboard; name = Base; path = Base.lproj/Main.storyboard; sourceTree = "<group>"; };
		296B30BF1A5012ED0039CB65 /* Images.xcassets */ = {isa = PBXFileReference; lastKnownFileType = folder.assetcatalog; path = Images.xcassets; sourceTree = "<group>"; };
		296B30C21A5012ED0039CB65 /* Base */ = {isa = PBXFileReference; lastKnownFileType = file.xib; name = Base; path = Base.lproj/LaunchScreen.xib; sourceTree = "<group>"; };
		296B30C81A5012ED0039CB65 /* SplitDataSourceFromTableViewTests.xctest */ = {isa = PBXFileReference; explicitFileType = wrapper.cfbundle; includeInIndex = 0; path = SplitDataSourceFromTableViewTests.xctest; sourceTree = BUILT_PRODUCTS_DIR; };
		296B30CD1A5012ED0039CB65 /* Info.plist */ = {isa = PBXFileReference; lastKnownFileType = text.plist.xml; path = Info.plist; sourceTree = "<group>"; };
		296B30CE1A5012ED0039CB65 /* SplitDataSourceFromTableViewTests.swift */ = {isa = PBXFileReference; lastKnownFileType = sourcecode.swift; path = SplitDataSourceFromTableViewTests.swift; sourceTree = "<group>"; };
/* End PBXFileReference section */

/* Begin PBXFrameworksBuildPhase section */
		296B30AD1A5012ED0039CB65 /* Frameworks */ = {
			isa = PBXFrameworksBuildPhase;
			buildActionMask = 2147483647;
			files = (
			);
			runOnlyForDeploymentPostprocessing = 0;
		};
		296B30C51A5012ED0039CB65 /* Frameworks */ = {
			isa = PBXFrameworksBuildPhase;
			buildActionMask = 2147483647;
			files = (
			);
			runOnlyForDeploymentPostprocessing = 0;
		};
/* End PBXFrameworksBuildPhase section */

/* Begin PBXGroup section */
		296B30A71A5012ED0039CB65 = {
			isa = PBXGroup;
			children = (
				296B30B21A5012ED0039CB65 /* SplitDataSourceFromTableView */,
				296B30CB1A5012ED0039CB65 /* SplitDataSourceFromTableViewTests */,
				296B30B11A5012ED0039CB65 /* Products */,
			);
			sourceTree = "<group>";
		};
		296B30B11A5012ED0039CB65 /* Products */ = {
			isa = PBXGroup;
			children = (
				296B30B01A5012ED0039CB65 /* SplitDataSourceFromTableView.app */,
				296B30C81A5012ED0039CB65 /* SplitDataSourceFromTableViewTests.xctest */,
			);
			name = Products;
			sourceTree = "<group>";
		};
		296B30B21A5012ED0039CB65 /* SplitDataSourceFromTableView */ = {
			isa = PBXGroup;
			children = (
				296B30B51A5012ED0039CB65 /* AppDelegate.swift */,
				296B30BA1A5012ED0039CB65 /* ViewController.swift */,
				296B30BC1A5012ED0039CB65 /* Main.storyboard */,
				296B30BF1A5012ED0039CB65 /* Images.xcassets */,
				296B30C11A5012ED0039CB65 /* LaunchScreen.xib */,
				296B30B71A5012ED0039CB65 /* SplitDataSourceFromTableView.xcdatamodeld */,
				296B30B31A5012ED0039CB65 /* Supporting Files */,
			);
			path = SplitDataSourceFromTableView;
			sourceTree = "<group>";
		};
		296B30B31A5012ED0039CB65 /* Supporting Files */ = {
			isa = PBXGroup;
			children = (
				296B30B41A5012ED0039CB65 /* Info.plist */,
			);
			name = "Supporting Files";
			sourceTree = "<group>";
		};
		296B30CB1A5012ED0039CB65 /* SplitDataSourceFromTableViewTests */ = {
			isa = PBXGroup;
			children = (
				296B30CE1A5012ED0039CB65 /* SplitDataSourceFromTableViewTests.swift */,
				296B30CC1A5012ED0039CB65 /* Supporting Files */,
			);
			path = SplitDataSourceFromTableViewTests;
			sourceTree = "<group>";
		};
		296B30CC1A5012ED0039CB65 /* Supporting Files */ = {
			isa = PBXGroup;
			children = (
				296B30CD1A5012ED0039CB65 /* Info.plist */,
			);
			name = "Supporting Files";
			sourceTree = "<group>";
		};
/* End PBXGroup section */

/* Begin PBXNativeTarget section */
		296B30AF1A5012ED0039CB65 /* SplitDataSourceFromTableView */ = {
			isa = PBXNativeTarget;
			buildConfigurationList = 296B30D21A5012ED0039CB65 /* Build configuration list for PBXNativeTarget "SplitDataSourceFromTableView" */;
			buildPhases = (
				296B30AC1A5012ED0039CB65 /* Sources */,
				296B30AD1A5012ED0039CB65 /* Frameworks */,
				296B30AE1A5012ED0039CB65 /* Resources */,
			);
			buildRules = (
			);
			dependencies = (
			);
			name = SplitDataSourceFromTableView;
			productName = SplitDataSourceFromTableView;
			productReference = 296B30B01A5012ED0039CB65 /* SplitDataSourceFromTableView.app */;
			productType = "com.apple.product-type.application";
		};
		296B30C71A5012ED0039CB65 /* SplitDataSourceFromTableViewTests */ = {
			isa = PBXNativeTarget;
			buildConfigurationList = 296B30D51A5012ED0039CB65 /* Build configuration list for PBXNativeTarget "SplitDataSourceFromTableViewTests" */;
			buildPhases = (
				296B30C41A5012ED0039CB65 /* Sources */,
				296B30C51A5012ED0039CB65 /* Frameworks */,
				296B30C61A5012ED0039CB65 /* Resources */,
			);
			buildRules = (
			);
			dependencies = (
				296B30CA1A5012ED0039CB65 /* PBXTargetDependency */,
			);
			name = SplitDataSourceFromTableViewTests;
			productName = SplitDataSourceFromTableViewTests;
			productReference = 296B30C81A5012ED0039CB65 /* SplitDataSourceFromTableViewTests.xctest */;
			productType = "com.apple.product-type.bundle.unit-test";
		};
/* End PBXNativeTarget section */

/* Begin PBXProject section */
		296B30A81A5012ED0039CB65 /* Project object */ = {
			isa = PBXProject;
			attributes = {
				LastUpgradeCheck = 0610;
				ORGANIZATIONNAME = "千葉 誠";
				TargetAttributes = {
					296B30AF1A5012ED0039CB65 = {
						CreatedOnToolsVersion = 6.1;
					};
					296B30C71A5012ED0039CB65 = {
						CreatedOnToolsVersion = 6.1;
						TestTargetID = 296B30AF1A5012ED0039CB65;
					};
				};
			};
			buildConfigurationList = 296B30AB1A5012ED0039CB65 /* Build configuration list for PBXProject "SplitDataSourceFromTableView" */;
			compatibilityVersion = "Xcode 3.2";
			developmentRegion = English;
			hasScannedForEncodings = 0;
			knownRegions = (
				en,
				Base,
			);
			mainGroup = 296B30A71A5012ED0039CB65;
			productRefGroup = 296B30B11A5012ED0039CB65 /* Products */;
			projectDirPath = "";
			projectRoot = "";
			targets = (
				296B30AF1A5012ED0039CB65 /* SplitDataSourceFromTableView */,
				296B30C71A5012ED0039CB65 /* SplitDataSourceFromTableViewTests */,
			);
		};
/* End PBXProject section */

/* Begin PBXResourcesBuildPhase section */
		296B30AE1A5012ED0039CB65 /* Resources */ = {
			isa = PBXResourcesBuildPhase;
			buildActionMask = 2147483647;
			files = (
				296B30BE1A5012ED0039CB65 /* Main.storyboard in Resources */,
				296B30C31A5012ED0039CB65 /* LaunchScreen.xib in Resources */,
				296B30C01A5012ED0039CB65 /* Images.xcassets in Resources */,
			);
			runOnlyForDeploymentPostprocessing = 0;
		};
		296B30C61A5012ED0039CB65 /* Resources */ = {
			isa = PBXResourcesBuildPhase;
			buildActionMask = 2147483647;
			files = (
			);
			runOnlyForDeploymentPostprocessing = 0;
		};
/* End PBXResourcesBuildPhase section */

/* Begin PBXSourcesBuildPhase section */
		296B30AC1A5012ED0039CB65 /* Sources */ = {
			isa = PBXSourcesBuildPhase;
			buildActionMask = 2147483647;
			files = (
				296B30BB1A5012ED0039CB65 /* ViewController.swift in Sources */,
				296B30B61A5012ED0039CB65 /* AppDelegate.swift in Sources */,
				296B30B91A5012ED0039CB65 /* SplitDataSourceFromTableView.xcdatamodeld in Sources */,
			);
			runOnlyForDeploymentPostprocessing = 0;
		};
		296B30C41A5012ED0039CB65 /* Sources */ = {
			isa = PBXSourcesBuildPhase;
			buildActionMask = 2147483647;
			files = (
				296B30CF1A5012ED0039CB65 /* SplitDataSourceFromTableViewTests.swift in Sources */,
			);
			runOnlyForDeploymentPostprocessing = 0;
		};
/* End PBXSourcesBuildPhase section */

/* Begin PBXTargetDependency section */
		296B30CA1A5012ED0039CB65 /* PBXTargetDependency */ = {
			isa = PBXTargetDependency;
			target = 296B30AF1A5012ED0039CB65 /* SplitDataSourceFromTableView */;
			targetProxy = 296B30C91A5012ED0039CB65 /* PBXContainerItemProxy */;
		};
/* End PBXTargetDependency section */

/* Begin PBXVariantGroup section */
		296B30BC1A5012ED0039CB65 /* Main.storyboard */ = {
			isa = PBXVariantGroup;
			children = (
				296B30BD1A5012ED0039CB65 /* Base */,
			);
			name = Main.storyboard;
			sourceTree = "<group>";
		};
		296B30C11A5012ED0039CB65 /* LaunchScreen.xib */ = {
			isa = PBXVariantGroup;
			children = (
				296B30C21A5012ED0039CB65 /* Base */,
			);
			name = LaunchScreen.xib;
			sourceTree = "<group>";
		};
/* End PBXVariantGroup section */

/* Begin XCBuildConfiguration section */
		296B30D01A5012ED0039CB65 /* Debug */ = {
			isa = XCBuildConfiguration;
			buildSettings = {
				ALWAYS_SEARCH_USER_PATHS = NO;
				CLANG_CXX_LANGUAGE_STANDARD = "gnu++0x";
				CLANG_CXX_LIBRARY = "libc++";
				CLANG_ENABLE_MODULES = YES;
				CLANG_ENABLE_OBJC_ARC = YES;
				CLANG_WARN_BOOL_CONVERSION = YES;
				CLANG_WARN_CONSTANT_CONVERSION = YES;
				CLANG_WARN_DIRECT_OBJC_ISA_USAGE = YES_ERROR;
				CLANG_WARN_EMPTY_BODY = YES;
				CLANG_WARN_ENUM_CONVERSION = YES;
				CLANG_WARN_INT_CONVERSION = YES;
				CLANG_WARN_OBJC_ROOT_CLASS = YES_ERROR;
				CLANG_WARN_UNREACHABLE_CODE = YES;
				CLANG_WARN__DUPLICATE_METHOD_MATCH = YES;
				"CODE_SIGN_IDENTITY[sdk=iphoneos*]" = "iPhone Developer";
				COPY_PHASE_STRIP = NO;
				ENABLE_STRICT_OBJC_MSGSEND = YES;
				GCC_C_LANGUAGE_STANDARD = gnu99;
				GCC_DYNAMIC_NO_PIC = NO;
				GCC_OPTIMIZATION_LEVEL = 0;
				GCC_PREPROCESSOR_DEFINITIONS = (
					"DEBUG=1",
					"$(inherited)",
				);
				GCC_SYMBOLS_PRIVATE_EXTERN = NO;
				GCC_WARN_64_TO_32_BIT_CONVERSION = YES;
				GCC_WARN_ABOUT_RETURN_TYPE = YES_ERROR;
				GCC_WARN_UNDECLARED_SELECTOR = YES;
				GCC_WARN_UNINITIALIZED_AUTOS = YES_AGGRESSIVE;
				GCC_WARN_UNUSED_FUNCTION = YES;
				GCC_WARN_UNUSED_VARIABLE = YES;
				IPHONEOS_DEPLOYMENT_TARGET = 8.1;
				MTL_ENABLE_DEBUG_INFO = YES;
				ONLY_ACTIVE_ARCH = YES;
				SDKROOT = iphoneos;
				SWIFT_OPTIMIZATION_LEVEL = "-Onone";
			};
			name = Debug;
		};
		296B30D11A5012ED0039CB65 /* Release */ = {
			isa = XCBuildConfiguration;
			buildSettings = {
				ALWAYS_SEARCH_USER_PATHS = NO;
				CLANG_CXX_LANGUAGE_STANDARD = "gnu++0x";
				CLANG_CXX_LIBRARY = "libc++";
				CLANG_ENABLE_MODULES = YES;
				CLANG_ENABLE_OBJC_ARC = YES;
				CLANG_WARN_BOOL_CONVERSION = YES;
				CLANG_WARN_CONSTANT_CONVERSION = YES;
				CLANG_WARN_DIRECT_OBJC_ISA_USAGE = YES_ERROR;
				CLANG_WARN_EMPTY_BODY = YES;
				CLANG_WARN_ENUM_CONVERSION = YES;
				CLANG_WARN_INT_CONVERSION = YES;
				CLANG_WARN_OBJC_ROOT_CLASS = YES_ERROR;
				CLANG_WARN_UNREACHABLE_CODE = YES;
				CLANG_WARN__DUPLICATE_METHOD_MATCH = YES;
				"CODE_SIGN_IDENTITY[sdk=iphoneos*]" = "iPhone Developer";
				COPY_PHASE_STRIP = YES;
				ENABLE_NS_ASSERTIONS = NO;
				ENABLE_STRICT_OBJC_MSGSEND = YES;
				GCC_C_LANGUAGE_STANDARD = gnu99;
				GCC_WARN_64_TO_32_BIT_CONVERSION = YES;
				GCC_WARN_ABOUT_RETURN_TYPE = YES_ERROR;
				GCC_WARN_UNDECLARED_SELECTOR = YES;
				GCC_WARN_UNINITIALIZED_AUTOS = YES_AGGRESSIVE;
				GCC_WARN_UNUSED_FUNCTION = YES;
				GCC_WARN_UNUSED_VARIABLE = YES;
				IPHONEOS_DEPLOYMENT_TARGET = 8.1;
				MTL_ENABLE_DEBUG_INFO = NO;
				SDKROOT = iphoneos;
				VALIDATE_PRODUCT = YES;
			};
			name = Release;
		};
		296B30D31A5012ED0039CB65 /* Debug */ = {
			isa = XCBuildConfiguration;
			buildSettings = {
				ASSETCATALOG_COMPILER_APPICON_NAME = AppIcon;
				INFOPLIST_FILE = SplitDataSourceFromTableView/Info.plist;
				LD_RUNPATH_SEARCH_PATHS = "$(inherited) @executable_path/Frameworks";
				PRODUCT_NAME = "$(TARGET_NAME)";
			};
			name = Debug;
		};
		296B30D41A5012ED0039CB65 /* Release */ = {
			isa = XCBuildConfiguration;
			buildSettings = {
				ASSETCATALOG_COMPILER_APPICON_NAME = AppIcon;
				INFOPLIST_FILE = SplitDataSourceFromTableView/Info.plist;
				LD_RUNPATH_SEARCH_PATHS = "$(inherited) @executable_path/Frameworks";
				PRODUCT_NAME = "$(TARGET_NAME)";
			};
			name = Release;
		};
		296B30D61A5012ED0039CB65 /* Debug */ = {
			isa = XCBuildConfiguration;
			buildSettings = {
				BUNDLE_LOADER = "$(TEST_HOST)";
				FRAMEWORK_SEARCH_PATHS = (
					"$(SDKROOT)/Developer/Library/Frameworks",
					"$(inherited)",
				);
				GCC_PREPROCESSOR_DEFINITIONS = (
					"DEBUG=1",
					"$(inherited)",
				);
				INFOPLIST_FILE = SplitDataSourceFromTableViewTests/Info.plist;
				LD_RUNPATH_SEARCH_PATHS = "$(inherited) @executable_path/Frameworks @loader_path/Frameworks";
				PRODUCT_NAME = "$(TARGET_NAME)";
				TEST_HOST = "$(BUILT_PRODUCTS_DIR)/SplitDataSourceFromTableView.app/SplitDataSourceFromTableView";
			};
			name = Debug;
		};
		296B30D71A5012ED0039CB65 /* Release */ = {
			isa = XCBuildConfiguration;
			buildSettings = {
				BUNDLE_LOADER = "$(TEST_HOST)";
				FRAMEWORK_SEARCH_PATHS = (
					"$(SDKROOT)/Developer/Library/Frameworks",
					"$(inherited)",
				);
				INFOPLIST_FILE = SplitDataSourceFromTableViewTests/Info.plist;
				LD_RUNPATH_SEARCH_PATHS = "$(inherited) @executable_path/Frameworks @loader_path/Frameworks";
				PRODUCT_NAME = "$(TARGET_NAME)";
				TEST_HOST = "$(BUILT_PRODUCTS_DIR)/SplitDataSourceFromTableView.app/SplitDataSourceFromTableView";
			};
			name = Release;
		};
/* End XCBuildConfiguration section */

/* Begin XCConfigurationList section */
		296B30AB1A5012ED0039CB65 /* Build configuration list for PBXProject "SplitDataSourceFromTableView" */ = {
			isa = XCConfigurationList;
			buildConfigurations = (
				296B30D01A5012ED0039CB65 /* Debug */,
				296B30D11A5012ED0039CB65 /* Release */,
			);
			defaultConfigurationIsVisible = 0;
			defaultConfigurationName = Release;
		};
		296B30D21A5012ED0039CB65 /* Build configuration list for PBXNativeTarget "SplitDataSourceFromTableView" */ = {
			isa = XCConfigurationList;
			buildConfigurations = (
				296B30D31A5012ED0039CB65 /* Debug */,
				296B30D41A5012ED0039CB65 /* Release */,
			);
			defaultConfigurationIsVisible = 0;
		};
		296B30D51A5012ED0039CB65 /* Build configuration list for PBXNativeTarget "SplitDataSourceFromTableViewTests" */ = {
			isa = XCConfigurationList;
			buildConfigurations = (
				296B30D61A5012ED0039CB65 /* Debug */,
				296B30D71A5012ED0039CB65 /* Release */,
			);
			defaultConfigurationIsVisible = 0;
		};
/* End XCConfigurationList section */

/* Begin XCVersionGroup section */
		296B30B71A5012ED0039CB65 /* SplitDataSourceFromTableView.xcdatamodeld */ = {
			isa = XCVersionGroup;
			children = (
				296B30B81A5012ED0039CB65 /* SplitDataSourceFromTableView.xcdatamodel */,
			);
			currentVersion = 296B30B81A5012ED0039CB65 /* SplitDataSourceFromTableView.xcdatamodel */;
			path = SplitDataSourceFromTableView.xcdatamodeld;
			sourceTree = "<group>";
			versionGroupType = wrapper.xcdatamodel;
		};
/* End XCVersionGroup section */
	};
	rootObject = 296B30A81A5012ED0039CB65 /* Project object */;
}
