// !$*UTF8*$!
{
	archiveVersion = 1;
	classes = {
	};
	objectVersion = 46;
	objects = {

/* Begin PBXBuildFile section */
		83B53CD21973FF16002496A3 /* AppDelegate.swift in Sources */ = {isa = PBXBuildFile; fileRef = 83B53CD11973FF16002496A3 /* AppDelegate.swift */; };
		83B53CD41973FF16002496A3 /* ViewController.swift in Sources */ = {isa = PBXBuildFile; fileRef = 83B53CD31973FF16002496A3 /* ViewController.swift */; };
		83B53CD71973FF16002496A3 /* Main.storyboard in Resources */ = {isa = PBXBuildFile; fileRef = 83B53CD51973FF16002496A3 /* Main.storyboard */; };
		83B53CD91973FF16002496A3 /* Images.xcassets in Resources */ = {isa = PBXBuildFile; fileRef = 83B53CD81973FF16002496A3 /* Images.xcassets */; };
		83B53CE51973FF16002496A3 /* DKAudioPlayerSwiftTests.swift in Sources */ = {isa = PBXBuildFile; fileRef = 83B53CE41973FF16002496A3 /* DKAudioPlayerSwiftTests.swift */; };
		83B53CEF1973FF2D002496A3 /* DKAudioPlayerSwift.swift in Sources */ = {isa = PBXBuildFile; fileRef = 83B53CEE1973FF2D002496A3 /* DKAudioPlayerSwift.swift */; };
		83B53D011973FFFB002496A3 /* player_bg.png in Resources */ = {isa = PBXBuildFile; fileRef = 83B53CF11973FFFB002496A3 /* player_bg.png */; };
		83B53D021973FFFB002496A3 /* player_bg@2x.png in Resources */ = {isa = PBXBuildFile; fileRef = 83B53CF21973FFFB002496A3 /* player_bg@2x.png */; };
		83B53D031973FFFB002496A3 /* player_bubble.png in Resources */ = {isa = PBXBuildFile; fileRef = 83B53CF31973FFFB002496A3 /* player_bubble.png */; };
		83B53D041973FFFB002496A3 /* player_bubble@2x.png in Resources */ = {isa = PBXBuildFile; fileRef = 83B53CF41973FFFB002496A3 /* player_bubble@2x.png */; };
		83B53D051973FFFB002496A3 /* player_circle.png in Resources */ = {isa = PBXBuildFile; fileRef = 83B53CF51973FFFB002496A3 /* player_circle.png */; };
		83B53D061973FFFB002496A3 /* player_circle@2x.png in Resources */ = {isa = PBXBuildFile; fileRef = 83B53CF61973FFFB002496A3 /* player_circle@2x.png */; };
		83B53D071973FFFB002496A3 /* player_pause.png in Resources */ = {isa = PBXBuildFile; fileRef = 83B53CF71973FFFB002496A3 /* player_pause.png */; };
		83B53D081973FFFB002496A3 /* player_pause@2x.png in Resources */ = {isa = PBXBuildFile; fileRef = 83B53CF81973FFFB002496A3 /* player_pause@2x.png */; };
		83B53D091973FFFB002496A3 /* player_play.png in Resources */ = {isa = PBXBuildFile; fileRef = 83B53CF91973FFFB002496A3 /* player_play.png */; };
		83B53D0A1973FFFB002496A3 /* player_play@2x.png in Resources */ = {isa = PBXBuildFile; fileRef = 83B53CFA1973FFFB002496A3 /* player_play@2x.png */; };
		83B53D0B1973FFFB002496A3 /* player_player_bg.png in Resources */ = {isa = PBXBuildFile; fileRef = 83B53CFB1973FFFB002496A3 /* player_player_bg.png */; };
		83B53D0C1973FFFB002496A3 /* player_player_bg@2x.png in Resources */ = {isa = PBXBuildFile; fileRef = 83B53CFC1973FFFB002496A3 /* player_player_bg@2x.png */; };
		83B53D0D1973FFFB002496A3 /* player_progress_bg.png in Resources */ = {isa = PBXBuildFile; fileRef = 83B53CFD1973FFFB002496A3 /* player_progress_bg.png */; };
		83B53D0E1973FFFB002496A3 /* player_progress_bg@2x.png in Resources */ = {isa = PBXBuildFile; fileRef = 83B53CFE1973FFFB002496A3 /* player_progress_bg@2x.png */; };
		83B53D0F1973FFFB002496A3 /* player_progress_blue.png in Resources */ = {isa = PBXBuildFile; fileRef = 83B53CFF1973FFFB002496A3 /* player_progress_blue.png */; };
		83B53D101973FFFB002496A3 /* player_progress_blue@2x.png in Resources */ = {isa = PBXBuildFile; fileRef = 83B53D001973FFFB002496A3 /* player_progress_blue@2x.png */; };
/* End PBXBuildFile section */

/* Begin PBXContainerItemProxy section */
		83B53CDF1973FF16002496A3 /* PBXContainerItemProxy */ = {
			isa = PBXContainerItemProxy;
			containerPortal = 83B53CC41973FF16002496A3 /* Project object */;
			proxyType = 1;
			remoteGlobalIDString = 83B53CCB1973FF16002496A3;
			remoteInfo = DKAudioPlayerSwift;
		};
/* End PBXContainerItemProxy section */

/* Begin PBXFileReference section */
		83B53CCC1973FF16002496A3 /* DKAudioPlayerSwift.app */ = {isa = PBXFileReference; explicitFileType = wrapper.application; includeInIndex = 0; path = DKAudioPlayerSwift.app; sourceTree = BUILT_PRODUCTS_DIR; };
		83B53CD01973FF16002496A3 /* Info.plist */ = {isa = PBXFileReference; lastKnownFileType = text.plist.xml; path = Info.plist; sourceTree = "<group>"; };
		83B53CD11973FF16002496A3 /* AppDelegate.swift */ = {isa = PBXFileReference; lastKnownFileType = sourcecode.swift; path = AppDelegate.swift; sourceTree = "<group>"; };
		83B53CD31973FF16002496A3 /* ViewController.swift */ = {isa = PBXFileReference; lastKnownFileType = sourcecode.swift; path = ViewController.swift; sourceTree = "<group>"; };
		83B53CD61973FF16002496A3 /* Base */ = {isa = PBXFileReference; lastKnownFileType = file.storyboard; name = Base; path = Base.lproj/Main.storyboard; sourceTree = "<group>"; };
		83B53CD81973FF16002496A3 /* Images.xcassets */ = {isa = PBXFileReference; lastKnownFileType = folder.assetcatalog; path = Images.xcassets; sourceTree = "<group>"; };
		83B53CDE1973FF16002496A3 /* DKAudioPlayerSwiftTests.xctest */ = {isa = PBXFileReference; explicitFileType = wrapper.cfbundle; includeInIndex = 0; path = DKAudioPlayerSwiftTests.xctest; sourceTree = BUILT_PRODUCTS_DIR; };
		83B53CE31973FF16002496A3 /* Info.plist */ = {isa = PBXFileReference; lastKnownFileType = text.plist.xml; path = Info.plist; sourceTree = "<group>"; };
		83B53CE41973FF16002496A3 /* DKAudioPlayerSwiftTests.swift */ = {isa = PBXFileReference; lastKnownFileType = sourcecode.swift; path = DKAudioPlayerSwiftTests.swift; sourceTree = "<group>"; };
		83B53CEE1973FF2D002496A3 /* DKAudioPlayerSwift.swift */ = {isa = PBXFileReference; fileEncoding = 4; lastKnownFileType = sourcecode.swift; path = DKAudioPlayerSwift.swift; sourceTree = "<group>"; };
		83B53CF11973FFFB002496A3 /* player_bg.png */ = {isa = PBXFileReference; lastKnownFileType = image.png; path = player_bg.png; sourceTree = "<group>"; };
		83B53CF21973FFFB002496A3 /* player_bg@2x.png */ = {isa = PBXFileReference; lastKnownFileType = image.png; path = "player_bg@2x.png"; sourceTree = "<group>"; };
		83B53CF31973FFFB002496A3 /* player_bubble.png */ = {isa = PBXFileReference; lastKnownFileType = image.png; path = player_bubble.png; sourceTree = "<group>"; };
		83B53CF41973FFFB002496A3 /* player_bubble@2x.png */ = {isa = PBXFileReference; lastKnownFileType = image.png; path = "player_bubble@2x.png"; sourceTree = "<group>"; };
		83B53CF51973FFFB002496A3 /* player_circle.png */ = {isa = PBXFileReference; lastKnownFileType = image.png; path = player_circle.png; sourceTree = "<group>"; };
		83B53CF61973FFFB002496A3 /* player_circle@2x.png */ = {isa = PBXFileReference; lastKnownFileType = image.png; path = "player_circle@2x.png"; sourceTree = "<group>"; };
		83B53CF71973FFFB002496A3 /* player_pause.png */ = {isa = PBXFileReference; lastKnownFileType = image.png; path = player_pause.png; sourceTree = "<group>"; };
		83B53CF81973FFFB002496A3 /* player_pause@2x.png */ = {isa = PBXFileReference; lastKnownFileType = image.png; path = "player_pause@2x.png"; sourceTree = "<group>"; };
		83B53CF91973FFFB002496A3 /* player_play.png */ = {isa = PBXFileReference; lastKnownFileType = image.png; path = player_play.png; sourceTree = "<group>"; };
		83B53CFA1973FFFB002496A3 /* player_play@2x.png */ = {isa = PBXFileReference; lastKnownFileType = image.png; path = "player_play@2x.png"; sourceTree = "<group>"; };
		83B53CFB1973FFFB002496A3 /* player_player_bg.png */ = {isa = PBXFileReference; lastKnownFileType = image.png; path = player_player_bg.png; sourceTree = "<group>"; };
		83B53CFC1973FFFB002496A3 /* player_player_bg@2x.png */ = {isa = PBXFileReference; lastKnownFileType = image.png; path = "player_player_bg@2x.png"; sourceTree = "<group>"; };
		83B53CFD1973FFFB002496A3 /* player_progress_bg.png */ = {isa = PBXFileReference; lastKnownFileType = image.png; path = player_progress_bg.png; sourceTree = "<group>"; };
		83B53CFE1973FFFB002496A3 /* player_progress_bg@2x.png */ = {isa = PBXFileReference; lastKnownFileType = image.png; path = "player_progress_bg@2x.png"; sourceTree = "<group>"; };
		83B53CFF1973FFFB002496A3 /* player_progress_blue.png */ = {isa = PBXFileReference; lastKnownFileType = image.png; path = player_progress_blue.png; sourceTree = "<group>"; };
		83B53D001973FFFB002496A3 /* player_progress_blue@2x.png */ = {isa = PBXFileReference; lastKnownFileType = image.png; path = "player_progress_blue@2x.png"; sourceTree = "<group>"; };
/* End PBXFileReference section */

/* Begin PBXFrameworksBuildPhase section */
		83B53CC91973FF16002496A3 /* Frameworks */ = {
			isa = PBXFrameworksBuildPhase;
			buildActionMask = 2147483647;
			files = (
			);
			runOnlyForDeploymentPostprocessing = 0;
		};
		83B53CDB1973FF16002496A3 /* Frameworks */ = {
			isa = PBXFrameworksBuildPhase;
			buildActionMask = 2147483647;
			files = (
			);
			runOnlyForDeploymentPostprocessing = 0;
		};
/* End PBXFrameworksBuildPhase section */

/* Begin PBXGroup section */
		83B53CC31973FF15002496A3 = {
			isa = PBXGroup;
			children = (
				83B53CCE1973FF16002496A3 /* DKAudioPlayerSwift */,
				83B53CE11973FF16002496A3 /* DKAudioPlayerSwiftTests */,
				83B53CCD1973FF16002496A3 /* Products */,
			);
			sourceTree = "<group>";
		};
		83B53CCD1973FF16002496A3 /* Products */ = {
			isa = PBXGroup;
			children = (
				83B53CCC1973FF16002496A3 /* DKAudioPlayerSwift.app */,
				83B53CDE1973FF16002496A3 /* DKAudioPlayerSwiftTests.xctest */,
			);
			name = Products;
			sourceTree = "<group>";
		};
		83B53CCE1973FF16002496A3 /* DKAudioPlayerSwift */ = {
			isa = PBXGroup;
			children = (
				83B53CD11973FF16002496A3 /* AppDelegate.swift */,
				83B53CD31973FF16002496A3 /* ViewController.swift */,
				83B53CEE1973FF2D002496A3 /* DKAudioPlayerSwift.swift */,
				83B53CD51973FF16002496A3 /* Main.storyboard */,
				83B53CD81973FF16002496A3 /* Images.xcassets */,
				83B53CCF1973FF16002496A3 /* Supporting Files */,
			);
			path = DKAudioPlayerSwift;
			sourceTree = "<group>";
		};
		83B53CCF1973FF16002496A3 /* Supporting Files */ = {
			isa = PBXGroup;
			children = (
				83B53CF01973FFDE002496A3 /* images */,
				83B53CD01973FF16002496A3 /* Info.plist */,
			);
			name = "Supporting Files";
			sourceTree = "<group>";
		};
		83B53CE11973FF16002496A3 /* DKAudioPlayerSwiftTests */ = {
			isa = PBXGroup;
			children = (
				83B53CE41973FF16002496A3 /* DKAudioPlayerSwiftTests.swift */,
				83B53CE21973FF16002496A3 /* Supporting Files */,
			);
			path = DKAudioPlayerSwiftTests;
			sourceTree = "<group>";
		};
		83B53CE21973FF16002496A3 /* Supporting Files */ = {
			isa = PBXGroup;
			children = (
				83B53CE31973FF16002496A3 /* Info.plist */,
			);
			name = "Supporting Files";
			sourceTree = "<group>";
		};
		83B53CF01973FFDE002496A3 /* images */ = {
			isa = PBXGroup;
			children = (
				83B53CF11973FFFB002496A3 /* player_bg.png */,
				83B53CF21973FFFB002496A3 /* player_bg@2x.png */,
				83B53CF31973FFFB002496A3 /* player_bubble.png */,
				83B53CF41973FFFB002496A3 /* player_bubble@2x.png */,
				83B53CF51973FFFB002496A3 /* player_circle.png */,
				83B53CF61973FFFB002496A3 /* player_circle@2x.png */,
				83B53CF71973FFFB002496A3 /* player_pause.png */,
				83B53CF81973FFFB002496A3 /* player_pause@2x.png */,
				83B53CF91973FFFB002496A3 /* player_play.png */,
				83B53CFA1973FFFB002496A3 /* player_play@2x.png */,
				83B53CFB1973FFFB002496A3 /* player_player_bg.png */,
				83B53CFC1973FFFB002496A3 /* player_player_bg@2x.png */,
				83B53CFD1973FFFB002496A3 /* player_progress_bg.png */,
				83B53CFE1973FFFB002496A3 /* player_progress_bg@2x.png */,
				83B53CFF1973FFFB002496A3 /* player_progress_blue.png */,
				83B53D001973FFFB002496A3 /* player_progress_blue@2x.png */,
			);
			name = images;
			sourceTree = "<group>";
		};
/* End PBXGroup section */

/* Begin PBXNativeTarget section */
		83B53CCB1973FF16002496A3 /* DKAudioPlayerSwift */ = {
			isa = PBXNativeTarget;
			buildConfigurationList = 83B53CE81973FF16002496A3 /* Build configuration list for PBXNativeTarget "DKAudioPlayerSwift" */;
			buildPhases = (
				83B53CC81973FF16002496A3 /* Sources */,
				83B53CC91973FF16002496A3 /* Frameworks */,
				83B53CCA1973FF16002496A3 /* Resources */,
			);
			buildRules = (
			);
			dependencies = (
			);
			name = DKAudioPlayerSwift;
			productName = DKAudioPlayerSwift;
			productReference = 83B53CCC1973FF16002496A3 /* DKAudioPlayerSwift.app */;
			productType = "com.apple.product-type.application";
		};
		83B53CDD1973FF16002496A3 /* DKAudioPlayerSwiftTests */ = {
			isa = PBXNativeTarget;
			buildConfigurationList = 83B53CEB1973FF16002496A3 /* Build configuration list for PBXNativeTarget "DKAudioPlayerSwiftTests" */;
			buildPhases = (
				83B53CDA1973FF16002496A3 /* Sources */,
				83B53CDB1973FF16002496A3 /* Frameworks */,
				83B53CDC1973FF16002496A3 /* Resources */,
			);
			buildRules = (
			);
			dependencies = (
				83B53CE01973FF16002496A3 /* PBXTargetDependency */,
			);
			name = DKAudioPlayerSwiftTests;
			productName = DKAudioPlayerSwiftTests;
			productReference = 83B53CDE1973FF16002496A3 /* DKAudioPlayerSwiftTests.xctest */;
			productType = "com.apple.product-type.bundle.unit-test";
		};
/* End PBXNativeTarget section */

/* Begin PBXProject section */
		83B53CC41973FF16002496A3 /* Project object */ = {
			isa = PBXProject;
			attributes = {
				LastUpgradeCheck = 0600;
				ORGANIZATIONNAME = hypermkt;
				TargetAttributes = {
					83B53CCB1973FF16002496A3 = {
						CreatedOnToolsVersion = 6.0;
					};
					83B53CDD1973FF16002496A3 = {
						CreatedOnToolsVersion = 6.0;
						TestTargetID = 83B53CCB1973FF16002496A3;
					};
				};
			};
			buildConfigurationList = 83B53CC71973FF16002496A3 /* Build configuration list for PBXProject "DKAudioPlayerSwift" */;
			compatibilityVersion = "Xcode 3.2";
			developmentRegion = English;
			hasScannedForEncodings = 0;
			knownRegions = (
				en,
				Base,
			);
			mainGroup = 83B53CC31973FF15002496A3;
			productRefGroup = 83B53CCD1973FF16002496A3 /* Products */;
			projectDirPath = "";
			projectRoot = "";
			targets = (
				83B53CCB1973FF16002496A3 /* DKAudioPlayerSwift */,
				83B53CDD1973FF16002496A3 /* DKAudioPlayerSwiftTests */,
			);
		};
/* End PBXProject section */

/* Begin PBXResourcesBuildPhase section */
		83B53CCA1973FF16002496A3 /* Resources */ = {
			isa = PBXResourcesBuildPhase;
			buildActionMask = 2147483647;
			files = (
				83B53D091973FFFB002496A3 /* player_play.png in Resources */,
				83B53D0A1973FFFB002496A3 /* player_play@2x.png in Resources */,
				83B53D051973FFFB002496A3 /* player_circle.png in Resources */,
				83B53D0F1973FFFB002496A3 /* player_progress_blue.png in Resources */,
				83B53D0C1973FFFB002496A3 /* player_player_bg@2x.png in Resources */,
				83B53CD71973FF16002496A3 /* Main.storyboard in Resources */,
				83B53D101973FFFB002496A3 /* player_progress_blue@2x.png in Resources */,
				83B53D011973FFFB002496A3 /* player_bg.png in Resources */,
				83B53D031973FFFB002496A3 /* player_bubble.png in Resources */,
				83B53D041973FFFB002496A3 /* player_bubble@2x.png in Resources */,
				83B53D071973FFFB002496A3 /* player_pause.png in Resources */,
				83B53D0B1973FFFB002496A3 /* player_player_bg.png in Resources */,
				83B53D021973FFFB002496A3 /* player_bg@2x.png in Resources */,
				83B53D0D1973FFFB002496A3 /* player_progress_bg.png in Resources */,
				83B53CD91973FF16002496A3 /* Images.xcassets in Resources */,
				83B53D081973FFFB002496A3 /* player_pause@2x.png in Resources */,
				83B53D061973FFFB002496A3 /* player_circle@2x.png in Resources */,
				83B53D0E1973FFFB002496A3 /* player_progress_bg@2x.png in Resources */,
			);
			runOnlyForDeploymentPostprocessing = 0;
		};
		83B53CDC1973FF16002496A3 /* Resources */ = {
			isa = PBXResourcesBuildPhase;
			buildActionMask = 2147483647;
			files = (
			);
			runOnlyForDeploymentPostprocessing = 0;
		};
/* End PBXResourcesBuildPhase section */

/* Begin PBXSourcesBuildPhase section */
		83B53CC81973FF16002496A3 /* Sources */ = {
			isa = PBXSourcesBuildPhase;
			buildActionMask = 2147483647;
			files = (
				83B53CEF1973FF2D002496A3 /* DKAudioPlayerSwift.swift in Sources */,
				83B53CD41973FF16002496A3 /* ViewController.swift in Sources */,
				83B53CD21973FF16002496A3 /* AppDelegate.swift in Sources */,
			);
			runOnlyForDeploymentPostprocessing = 0;
		};
		83B53CDA1973FF16002496A3 /* Sources */ = {
			isa = PBXSourcesBuildPhase;
			buildActionMask = 2147483647;
			files = (
				83B53CE51973FF16002496A3 /* DKAudioPlayerSwiftTests.swift in Sources */,
			);
			runOnlyForDeploymentPostprocessing = 0;
		};
/* End PBXSourcesBuildPhase section */

/* Begin PBXTargetDependency section */
		83B53CE01973FF16002496A3 /* PBXTargetDependency */ = {
			isa = PBXTargetDependency;
			target = 83B53CCB1973FF16002496A3 /* DKAudioPlayerSwift */;
			targetProxy = 83B53CDF1973FF16002496A3 /* PBXContainerItemProxy */;
		};
/* End PBXTargetDependency section */

/* Begin PBXVariantGroup section */
		83B53CD51973FF16002496A3 /* Main.storyboard */ = {
			isa = PBXVariantGroup;
			children = (
				83B53CD61973FF16002496A3 /* Base */,
			);
			name = Main.storyboard;
			sourceTree = "<group>";
		};
/* End PBXVariantGroup section */

/* Begin XCBuildConfiguration section */
		83B53CE61973FF16002496A3 /* Debug */ = {
			isa = XCBuildConfiguration;
			buildSettings = {
				ALWAYS_SEARCH_USER_PATHS = NO;
				CLANG_CXX_LANGUAGE_STANDARD = "gnu++0x";
				CLANG_CXX_LIBRARY = "libc++";
				CLANG_ENABLE_MODULES = YES;
				CLANG_ENABLE_OBJC_ARC = YES;
				CLANG_WARN_BOOL_CONVERSION = YES;
				CLANG_WARN_CONSTANT_CONVERSION = YES;
				CLANG_WARN_DIRECT_OBJC_ISA_USAGE = YES_ERROR;
				CLANG_WARN_EMPTY_BODY = YES;
				CLANG_WARN_ENUM_CONVERSION = YES;
				CLANG_WARN_INT_CONVERSION = YES;
				CLANG_WARN_OBJC_ROOT_CLASS = YES_ERROR;
				CLANG_WARN_UNREACHABLE_CODE = YES;
				CLANG_WARN__DUPLICATE_METHOD_MATCH = YES;
				"CODE_SIGN_IDENTITY[sdk=iphoneos*]" = "iPhone Developer";
				COPY_PHASE_STRIP = NO;
				ENABLE_STRICT_OBJC_MSGSEND = YES;
				GCC_C_LANGUAGE_STANDARD = gnu99;
				GCC_DYNAMIC_NO_PIC = NO;
				GCC_OPTIMIZATION_LEVEL = 0;
				GCC_PREPROCESSOR_DEFINITIONS = (
					"DEBUG=1",
					"$(inherited)",
				);
				GCC_SYMBOLS_PRIVATE_EXTERN = NO;
				GCC_WARN_64_TO_32_BIT_CONVERSION = YES;
				GCC_WARN_ABOUT_RETURN_TYPE = YES_ERROR;
				GCC_WARN_UNDECLARED_SELECTOR = YES;
				GCC_WARN_UNINITIALIZED_AUTOS = YES_AGGRESSIVE;
				GCC_WARN_UNUSED_FUNCTION = YES;
				GCC_WARN_UNUSED_VARIABLE = YES;
				IPHONEOS_DEPLOYMENT_TARGET = 8.0;
				MTL_ENABLE_DEBUG_INFO = YES;
				ONLY_ACTIVE_ARCH = YES;
				SDKROOT = iphoneos;
				SWIFT_OPTIMIZATION_LEVEL = "-Onone";
			};
			name = Debug;
		};
		83B53CE71973FF16002496A3 /* Release */ = {
			isa = XCBuildConfiguration;
			buildSettings = {
				ALWAYS_SEARCH_USER_PATHS = NO;
				CLANG_CXX_LANGUAGE_STANDARD = "gnu++0x";
				CLANG_CXX_LIBRARY = "libc++";
				CLANG_ENABLE_MODULES = YES;
				CLANG_ENABLE_OBJC_ARC = YES;
				CLANG_WARN_BOOL_CONVERSION = YES;
				CLANG_WARN_CONSTANT_CONVERSION = YES;
				CLANG_WARN_DIRECT_OBJC_ISA_USAGE = YES_ERROR;
				CLANG_WARN_EMPTY_BODY = YES;
				CLANG_WARN_ENUM_CONVERSION = YES;
				CLANG_WARN_INT_CONVERSION = YES;
				CLANG_WARN_OBJC_ROOT_CLASS = YES_ERROR;
				CLANG_WARN_UNREACHABLE_CODE = YES;
				CLANG_WARN__DUPLICATE_METHOD_MATCH = YES;
				"CODE_SIGN_IDENTITY[sdk=iphoneos*]" = "iPhone Developer";
				COPY_PHASE_STRIP = YES;
				ENABLE_NS_ASSERTIONS = NO;
				ENABLE_STRICT_OBJC_MSGSEND = YES;
				GCC_C_LANGUAGE_STANDARD = gnu99;
				GCC_WARN_64_TO_32_BIT_CONVERSION = YES;
				GCC_WARN_ABOUT_RETURN_TYPE = YES_ERROR;
				GCC_WARN_UNDECLARED_SELECTOR = YES;
				GCC_WARN_UNINITIALIZED_AUTOS = YES_AGGRESSIVE;
				GCC_WARN_UNUSED_FUNCTION = YES;
				GCC_WARN_UNUSED_VARIABLE = YES;
				IPHONEOS_DEPLOYMENT_TARGET = 8.0;
				MTL_ENABLE_DEBUG_INFO = NO;
				SDKROOT = iphoneos;
				VALIDATE_PRODUCT = YES;
			};
			name = Release;
		};
		83B53CE91973FF16002496A3 /* Debug */ = {
			isa = XCBuildConfiguration;
			buildSettings = {
				ASSETCATALOG_COMPILER_APPICON_NAME = AppIcon;
				ASSETCATALOG_COMPILER_LAUNCHIMAGE_NAME = LaunchImage;
				INFOPLIST_FILE = DKAudioPlayerSwift/Info.plist;
				LD_RUNPATH_SEARCH_PATHS = "$(inherited) @executable_path/Frameworks";
				PRODUCT_NAME = "$(TARGET_NAME)";
			};
			name = Debug;
		};
		83B53CEA1973FF16002496A3 /* Release */ = {
			isa = XCBuildConfiguration;
			buildSettings = {
				ASSETCATALOG_COMPILER_APPICON_NAME = AppIcon;
				ASSETCATALOG_COMPILER_LAUNCHIMAGE_NAME = LaunchImage;
				INFOPLIST_FILE = DKAudioPlayerSwift/Info.plist;
				LD_RUNPATH_SEARCH_PATHS = "$(inherited) @executable_path/Frameworks";
				PRODUCT_NAME = "$(TARGET_NAME)";
			};
			name = Release;
		};
		83B53CEC1973FF16002496A3 /* Debug */ = {
			isa = XCBuildConfiguration;
			buildSettings = {
				BUNDLE_LOADER = "$(BUILT_PRODUCTS_DIR)/DKAudioPlayerSwift.app/DKAudioPlayerSwift";
				FRAMEWORK_SEARCH_PATHS = (
					"$(SDKROOT)/Developer/Library/Frameworks",
					"$(inherited)",
				);
				GCC_PREPROCESSOR_DEFINITIONS = (
					"DEBUG=1",
					"$(inherited)",
				);
				INFOPLIST_FILE = DKAudioPlayerSwiftTests/Info.plist;
				LD_RUNPATH_SEARCH_PATHS = "$(inherited) @executable_path/Frameworks @loader_path/Frameworks";
				PRODUCT_NAME = "$(TARGET_NAME)";
				TEST_HOST = "$(BUNDLE_LOADER)";
			};
			name = Debug;
		};
		83B53CED1973FF16002496A3 /* Release */ = {
			isa = XCBuildConfiguration;
			buildSettings = {
				BUNDLE_LOADER = "$(BUILT_PRODUCTS_DIR)/DKAudioPlayerSwift.app/DKAudioPlayerSwift";
				FRAMEWORK_SEARCH_PATHS = (
					"$(SDKROOT)/Developer/Library/Frameworks",
					"$(inherited)",
				);
				INFOPLIST_FILE = DKAudioPlayerSwiftTests/Info.plist;
				LD_RUNPATH_SEARCH_PATHS = "$(inherited) @executable_path/Frameworks @loader_path/Frameworks";
				PRODUCT_NAME = "$(TARGET_NAME)";
				TEST_HOST = "$(BUNDLE_LOADER)";
			};
			name = Release;
		};
/* End XCBuildConfiguration section */

/* Begin XCConfigurationList section */
		83B53CC71973FF16002496A3 /* Build configuration list for PBXProject "DKAudioPlayerSwift" */ = {
			isa = XCConfigurationList;
			buildConfigurations = (
				83B53CE61973FF16002496A3 /* Debug */,
				83B53CE71973FF16002496A3 /* Release */,
			);
			defaultConfigurationIsVisible = 0;
			defaultConfigurationName = Release;
		};
		83B53CE81973FF16002496A3 /* Build configuration list for PBXNativeTarget "DKAudioPlayerSwift" */ = {
			isa = XCConfigurationList;
			buildConfigurations = (
				83B53CE91973FF16002496A3 /* Debug */,
				83B53CEA1973FF16002496A3 /* Release */,
			);
			defaultConfigurationIsVisible = 0;
		};
		83B53CEB1973FF16002496A3 /* Build configuration list for PBXNativeTarget "DKAudioPlayerSwiftTests" */ = {
			isa = XCConfigurationList;
			buildConfigurations = (
				83B53CEC1973FF16002496A3 /* Debug */,
				83B53CED1973FF16002496A3 /* Release */,
			);
			defaultConfigurationIsVisible = 0;
		};
/* End XCConfigurationList section */
	};
	rootObject = 83B53CC41973FF16002496A3 /* Project object */;
}
