// !$*UTF8*$!
{
	archiveVersion = 1;
	classes = {
	};
	objectVersion = 46;
	objects = {

/* Begin PBXBuildFile section */
		294D358B1AC6965C003EEA1F /* AppDelegate.swift in Sources */ = {isa = PBXBuildFile; fileRef = 294D358A1AC6965C003EEA1F /* AppDelegate.swift */; };
		294D358E1AC6965C003EEA1F /* threadSample.xcdatamodeld in Sources */ = {isa = PBXBuildFile; fileRef = 294D358C1AC6965C003EEA1F /* threadSample.xcdatamodeld */; };
		294D35901AC6965C003EEA1F /* ViewController.swift in Sources */ = {isa = PBXBuildFile; fileRef = 294D358F1AC6965C003EEA1F /* ViewController.swift */; };
		294D35931AC6965C003EEA1F /* Main.storyboard in Resources */ = {isa = PBXBuildFile; fileRef = 294D35911AC6965C003EEA1F /* Main.storyboard */; };
		294D35951AC6965C003EEA1F /* Images.xcassets in Resources */ = {isa = PBXBuildFile; fileRef = 294D35941AC6965C003EEA1F /* Images.xcassets */; };
		294D35981AC6965C003EEA1F /* LaunchScreen.xib in Resources */ = {isa = PBXBuildFile; fileRef = 294D35961AC6965C003EEA1F /* LaunchScreen.xib */; };
		294D35A41AC6965D003EEA1F /* threadSampleTests.swift in Sources */ = {isa = PBXBuildFile; fileRef = 294D35A31AC6965D003EEA1F /* threadSampleTests.swift */; };
		294D35AE1AC69ACD003EEA1F /* NSThreadEx.swift in Sources */ = {isa = PBXBuildFile; fileRef = 294D35AD1AC69ACD003EEA1F /* NSThreadEx.swift */; };
/* End PBXBuildFile section */

/* Begin PBXContainerItemProxy section */
		294D359E1AC6965D003EEA1F /* PBXContainerItemProxy */ = {
			isa = PBXContainerItemProxy;
			containerPortal = 294D357D1AC6965C003EEA1F /* Project object */;
			proxyType = 1;
			remoteGlobalIDString = 294D35841AC6965C003EEA1F;
			remoteInfo = threadSample;
		};
/* End PBXContainerItemProxy section */

/* Begin PBXFileReference section */
		294D35851AC6965C003EEA1F /* threadSample.app */ = {isa = PBXFileReference; explicitFileType = wrapper.application; includeInIndex = 0; path = threadSample.app; sourceTree = BUILT_PRODUCTS_DIR; };
		294D35891AC6965C003EEA1F /* Info.plist */ = {isa = PBXFileReference; lastKnownFileType = text.plist.xml; path = Info.plist; sourceTree = "<group>"; };
		294D358A1AC6965C003EEA1F /* AppDelegate.swift */ = {isa = PBXFileReference; lastKnownFileType = sourcecode.swift; path = AppDelegate.swift; sourceTree = "<group>"; };
		294D358D1AC6965C003EEA1F /* threadSample.xcdatamodel */ = {isa = PBXFileReference; lastKnownFileType = wrapper.xcdatamodel; path = threadSample.xcdatamodel; sourceTree = "<group>"; };
		294D358F1AC6965C003EEA1F /* ViewController.swift */ = {isa = PBXFileReference; lastKnownFileType = sourcecode.swift; path = ViewController.swift; sourceTree = "<group>"; };
		294D35921AC6965C003EEA1F /* Base */ = {isa = PBXFileReference; lastKnownFileType = file.storyboard; name = Base; path = Base.lproj/Main.storyboard; sourceTree = "<group>"; };
		294D35941AC6965C003EEA1F /* Images.xcassets */ = {isa = PBXFileReference; lastKnownFileType = folder.assetcatalog; path = Images.xcassets; sourceTree = "<group>"; };
		294D35971AC6965C003EEA1F /* Base */ = {isa = PBXFileReference; lastKnownFileType = file.xib; name = Base; path = Base.lproj/LaunchScreen.xib; sourceTree = "<group>"; };
		294D359D1AC6965D003EEA1F /* threadSampleTests.xctest */ = {isa = PBXFileReference; explicitFileType = wrapper.cfbundle; includeInIndex = 0; path = threadSampleTests.xctest; sourceTree = BUILT_PRODUCTS_DIR; };
		294D35A21AC6965D003EEA1F /* Info.plist */ = {isa = PBXFileReference; lastKnownFileType = text.plist.xml; path = Info.plist; sourceTree = "<group>"; };
		294D35A31AC6965D003EEA1F /* threadSampleTests.swift */ = {isa = PBXFileReference; lastKnownFileType = sourcecode.swift; path = threadSampleTests.swift; sourceTree = "<group>"; };
		294D35AD1AC69ACD003EEA1F /* NSThreadEx.swift */ = {isa = PBXFileReference; fileEncoding = 4; lastKnownFileType = sourcecode.swift; path = NSThreadEx.swift; sourceTree = "<group>"; };
/* End PBXFileReference section */

/* Begin PBXFrameworksBuildPhase section */
		294D35821AC6965C003EEA1F /* Frameworks */ = {
			isa = PBXFrameworksBuildPhase;
			buildActionMask = 2147483647;
			files = (
			);
			runOnlyForDeploymentPostprocessing = 0;
		};
		294D359A1AC6965D003EEA1F /* Frameworks */ = {
			isa = PBXFrameworksBuildPhase;
			buildActionMask = 2147483647;
			files = (
			);
			runOnlyForDeploymentPostprocessing = 0;
		};
/* End PBXFrameworksBuildPhase section */

/* Begin PBXGroup section */
		294D357C1AC6965C003EEA1F = {
			isa = PBXGroup;
			children = (
				294D35871AC6965C003EEA1F /* threadSample */,
				294D35A01AC6965D003EEA1F /* threadSampleTests */,
				294D35861AC6965C003EEA1F /* Products */,
			);
			sourceTree = "<group>";
		};
		294D35861AC6965C003EEA1F /* Products */ = {
			isa = PBXGroup;
			children = (
				294D35851AC6965C003EEA1F /* threadSample.app */,
				294D359D1AC6965D003EEA1F /* threadSampleTests.xctest */,
			);
			name = Products;
			sourceTree = "<group>";
		};
		294D35871AC6965C003EEA1F /* threadSample */ = {
			isa = PBXGroup;
			children = (
				294D358A1AC6965C003EEA1F /* AppDelegate.swift */,
				294D358F1AC6965C003EEA1F /* ViewController.swift */,
				294D35911AC6965C003EEA1F /* Main.storyboard */,
				294D35AD1AC69ACD003EEA1F /* NSThreadEx.swift */,
				294D35941AC6965C003EEA1F /* Images.xcassets */,
				294D35961AC6965C003EEA1F /* LaunchScreen.xib */,
				294D358C1AC6965C003EEA1F /* threadSample.xcdatamodeld */,
				294D35881AC6965C003EEA1F /* Supporting Files */,
			);
			path = threadSample;
			sourceTree = "<group>";
		};
		294D35881AC6965C003EEA1F /* Supporting Files */ = {
			isa = PBXGroup;
			children = (
				294D35891AC6965C003EEA1F /* Info.plist */,
			);
			name = "Supporting Files";
			sourceTree = "<group>";
		};
		294D35A01AC6965D003EEA1F /* threadSampleTests */ = {
			isa = PBXGroup;
			children = (
				294D35A31AC6965D003EEA1F /* threadSampleTests.swift */,
				294D35A11AC6965D003EEA1F /* Supporting Files */,
			);
			path = threadSampleTests;
			sourceTree = "<group>";
		};
		294D35A11AC6965D003EEA1F /* Supporting Files */ = {
			isa = PBXGroup;
			children = (
				294D35A21AC6965D003EEA1F /* Info.plist */,
			);
			name = "Supporting Files";
			sourceTree = "<group>";
		};
/* End PBXGroup section */

/* Begin PBXNativeTarget section */
		294D35841AC6965C003EEA1F /* threadSample */ = {
			isa = PBXNativeTarget;
			buildConfigurationList = 294D35A71AC6965D003EEA1F /* Build configuration list for PBXNativeTarget "threadSample" */;
			buildPhases = (
				294D35811AC6965C003EEA1F /* Sources */,
				294D35821AC6965C003EEA1F /* Frameworks */,
				294D35831AC6965C003EEA1F /* Resources */,
			);
			buildRules = (
			);
			dependencies = (
			);
			name = threadSample;
			productName = threadSample;
			productReference = 294D35851AC6965C003EEA1F /* threadSample.app */;
			productType = "com.apple.product-type.application";
		};
		294D359C1AC6965D003EEA1F /* threadSampleTests */ = {
			isa = PBXNativeTarget;
			buildConfigurationList = 294D35AA1AC6965D003EEA1F /* Build configuration list for PBXNativeTarget "threadSampleTests" */;
			buildPhases = (
				294D35991AC6965D003EEA1F /* Sources */,
				294D359A1AC6965D003EEA1F /* Frameworks */,
				294D359B1AC6965D003EEA1F /* Resources */,
			);
			buildRules = (
			);
			dependencies = (
				294D359F1AC6965D003EEA1F /* PBXTargetDependency */,
			);
			name = threadSampleTests;
			productName = threadSampleTests;
			productReference = 294D359D1AC6965D003EEA1F /* threadSampleTests.xctest */;
			productType = "com.apple.product-type.bundle.unit-test";
		};
/* End PBXNativeTarget section */

/* Begin PBXProject section */
		294D357D1AC6965C003EEA1F /* Project object */ = {
			isa = PBXProject;
			attributes = {
				LastUpgradeCheck = 0610;
				ORGANIZATIONNAME = "千葉 誠";
				TargetAttributes = {
					294D35841AC6965C003EEA1F = {
						CreatedOnToolsVersion = 6.1;
					};
					294D359C1AC6965D003EEA1F = {
						CreatedOnToolsVersion = 6.1;
						TestTargetID = 294D35841AC6965C003EEA1F;
					};
				};
			};
			buildConfigurationList = 294D35801AC6965C003EEA1F /* Build configuration list for PBXProject "threadSample" */;
			compatibilityVersion = "Xcode 3.2";
			developmentRegion = English;
			hasScannedForEncodings = 0;
			knownRegions = (
				en,
				Base,
			);
			mainGroup = 294D357C1AC6965C003EEA1F;
			productRefGroup = 294D35861AC6965C003EEA1F /* Products */;
			projectDirPath = "";
			projectRoot = "";
			targets = (
				294D35841AC6965C003EEA1F /* threadSample */,
				294D359C1AC6965D003EEA1F /* threadSampleTests */,
			);
		};
/* End PBXProject section */

/* Begin PBXResourcesBuildPhase section */
		294D35831AC6965C003EEA1F /* Resources */ = {
			isa = PBXResourcesBuildPhase;
			buildActionMask = 2147483647;
			files = (
				294D35931AC6965C003EEA1F /* Main.storyboard in Resources */,
				294D35981AC6965C003EEA1F /* LaunchScreen.xib in Resources */,
				294D35951AC6965C003EEA1F /* Images.xcassets in Resources */,
			);
			runOnlyForDeploymentPostprocessing = 0;
		};
		294D359B1AC6965D003EEA1F /* Resources */ = {
			isa = PBXResourcesBuildPhase;
			buildActionMask = 2147483647;
			files = (
			);
			runOnlyForDeploymentPostprocessing = 0;
		};
/* End PBXResourcesBuildPhase section */

/* Begin PBXSourcesBuildPhase section */
		294D35811AC6965C003EEA1F /* Sources */ = {
			isa = PBXSourcesBuildPhase;
			buildActionMask = 2147483647;
			files = (
				294D35901AC6965C003EEA1F /* ViewController.swift in Sources */,
				294D35AE1AC69ACD003EEA1F /* NSThreadEx.swift in Sources */,
				294D358B1AC6965C003EEA1F /* AppDelegate.swift in Sources */,
				294D358E1AC6965C003EEA1F /* threadSample.xcdatamodeld in Sources */,
			);
			runOnlyForDeploymentPostprocessing = 0;
		};
		294D35991AC6965D003EEA1F /* Sources */ = {
			isa = PBXSourcesBuildPhase;
			buildActionMask = 2147483647;
			files = (
				294D35A41AC6965D003EEA1F /* threadSampleTests.swift in Sources */,
			);
			runOnlyForDeploymentPostprocessing = 0;
		};
/* End PBXSourcesBuildPhase section */

/* Begin PBXTargetDependency section */
		294D359F1AC6965D003EEA1F /* PBXTargetDependency */ = {
			isa = PBXTargetDependency;
			target = 294D35841AC6965C003EEA1F /* threadSample */;
			targetProxy = 294D359E1AC6965D003EEA1F /* PBXContainerItemProxy */;
		};
/* End PBXTargetDependency section */

/* Begin PBXVariantGroup section */
		294D35911AC6965C003EEA1F /* Main.storyboard */ = {
			isa = PBXVariantGroup;
			children = (
				294D35921AC6965C003EEA1F /* Base */,
			);
			name = Main.storyboard;
			sourceTree = "<group>";
		};
		294D35961AC6965C003EEA1F /* LaunchScreen.xib */ = {
			isa = PBXVariantGroup;
			children = (
				294D35971AC6965C003EEA1F /* Base */,
			);
			name = LaunchScreen.xib;
			sourceTree = "<group>";
		};
/* End PBXVariantGroup section */

/* Begin XCBuildConfiguration section */
		294D35A51AC6965D003EEA1F /* Debug */ = {
			isa = XCBuildConfiguration;
			buildSettings = {
				ALWAYS_SEARCH_USER_PATHS = NO;
				CLANG_CXX_LANGUAGE_STANDARD = "gnu++0x";
				CLANG_CXX_LIBRARY = "libc++";
				CLANG_ENABLE_MODULES = YES;
				CLANG_ENABLE_OBJC_ARC = YES;
				CLANG_WARN_BOOL_CONVERSION = YES;
				CLANG_WARN_CONSTANT_CONVERSION = YES;
				CLANG_WARN_DIRECT_OBJC_ISA_USAGE = YES_ERROR;
				CLANG_WARN_EMPTY_BODY = YES;
				CLANG_WARN_ENUM_CONVERSION = YES;
				CLANG_WARN_INT_CONVERSION = YES;
				CLANG_WARN_OBJC_ROOT_CLASS = YES_ERROR;
				CLANG_WARN_UNREACHABLE_CODE = YES;
				CLANG_WARN__DUPLICATE_METHOD_MATCH = YES;
				"CODE_SIGN_IDENTITY[sdk=iphoneos*]" = "iPhone Developer";
				COPY_PHASE_STRIP = NO;
				ENABLE_STRICT_OBJC_MSGSEND = YES;
				GCC_C_LANGUAGE_STANDARD = gnu99;
				GCC_DYNAMIC_NO_PIC = NO;
				GCC_OPTIMIZATION_LEVEL = 0;
				GCC_PREPROCESSOR_DEFINITIONS = (
					"DEBUG=1",
					"$(inherited)",
				);
				GCC_SYMBOLS_PRIVATE_EXTERN = NO;
				GCC_WARN_64_TO_32_BIT_CONVERSION = YES;
				GCC_WARN_ABOUT_RETURN_TYPE = YES_ERROR;
				GCC_WARN_UNDECLARED_SELECTOR = YES;
				GCC_WARN_UNINITIALIZED_AUTOS = YES_AGGRESSIVE;
				GCC_WARN_UNUSED_FUNCTION = YES;
				GCC_WARN_UNUSED_VARIABLE = YES;
				IPHONEOS_DEPLOYMENT_TARGET = 8.1;
				MTL_ENABLE_DEBUG_INFO = YES;
				ONLY_ACTIVE_ARCH = YES;
				SDKROOT = iphoneos;
				SWIFT_OPTIMIZATION_LEVEL = "-Onone";
			};
			name = Debug;
		};
		294D35A61AC6965D003EEA1F /* Release */ = {
			isa = XCBuildConfiguration;
			buildSettings = {
				ALWAYS_SEARCH_USER_PATHS = NO;
				CLANG_CXX_LANGUAGE_STANDARD = "gnu++0x";
				CLANG_CXX_LIBRARY = "libc++";
				CLANG_ENABLE_MODULES = YES;
				CLANG_ENABLE_OBJC_ARC = YES;
				CLANG_WARN_BOOL_CONVERSION = YES;
				CLANG_WARN_CONSTANT_CONVERSION = YES;
				CLANG_WARN_DIRECT_OBJC_ISA_USAGE = YES_ERROR;
				CLANG_WARN_EMPTY_BODY = YES;
				CLANG_WARN_ENUM_CONVERSION = YES;
				CLANG_WARN_INT_CONVERSION = YES;
				CLANG_WARN_OBJC_ROOT_CLASS = YES_ERROR;
				CLANG_WARN_UNREACHABLE_CODE = YES;
				CLANG_WARN__DUPLICATE_METHOD_MATCH = YES;
				"CODE_SIGN_IDENTITY[sdk=iphoneos*]" = "iPhone Developer";
				COPY_PHASE_STRIP = YES;
				ENABLE_NS_ASSERTIONS = NO;
				ENABLE_STRICT_OBJC_MSGSEND = YES;
				GCC_C_LANGUAGE_STANDARD = gnu99;
				GCC_WARN_64_TO_32_BIT_CONVERSION = YES;
				GCC_WARN_ABOUT_RETURN_TYPE = YES_ERROR;
				GCC_WARN_UNDECLARED_SELECTOR = YES;
				GCC_WARN_UNINITIALIZED_AUTOS = YES_AGGRESSIVE;
				GCC_WARN_UNUSED_FUNCTION = YES;
				GCC_WARN_UNUSED_VARIABLE = YES;
				IPHONEOS_DEPLOYMENT_TARGET = 8.1;
				MTL_ENABLE_DEBUG_INFO = NO;
				SDKROOT = iphoneos;
				VALIDATE_PRODUCT = YES;
			};
			name = Release;
		};
		294D35A81AC6965D003EEA1F /* Debug */ = {
			isa = XCBuildConfiguration;
			buildSettings = {
				ASSETCATALOG_COMPILER_APPICON_NAME = AppIcon;
				INFOPLIST_FILE = threadSample/Info.plist;
				LD_RUNPATH_SEARCH_PATHS = "$(inherited) @executable_path/Frameworks";
				PRODUCT_NAME = "$(TARGET_NAME)";
			};
			name = Debug;
		};
		294D35A91AC6965D003EEA1F /* Release */ = {
			isa = XCBuildConfiguration;
			buildSettings = {
				ASSETCATALOG_COMPILER_APPICON_NAME = AppIcon;
				INFOPLIST_FILE = threadSample/Info.plist;
				LD_RUNPATH_SEARCH_PATHS = "$(inherited) @executable_path/Frameworks";
				PRODUCT_NAME = "$(TARGET_NAME)";
			};
			name = Release;
		};
		294D35AB1AC6965D003EEA1F /* Debug */ = {
			isa = XCBuildConfiguration;
			buildSettings = {
				BUNDLE_LOADER = "$(TEST_HOST)";
				FRAMEWORK_SEARCH_PATHS = (
					"$(SDKROOT)/Developer/Library/Frameworks",
					"$(inherited)",
				);
				GCC_PREPROCESSOR_DEFINITIONS = (
					"DEBUG=1",
					"$(inherited)",
				);
				INFOPLIST_FILE = threadSampleTests/Info.plist;
				LD_RUNPATH_SEARCH_PATHS = "$(inherited) @executable_path/Frameworks @loader_path/Frameworks";
				PRODUCT_NAME = "$(TARGET_NAME)";
				TEST_HOST = "$(BUILT_PRODUCTS_DIR)/threadSample.app/threadSample";
			};
			name = Debug;
		};
		294D35AC1AC6965D003EEA1F /* Release */ = {
			isa = XCBuildConfiguration;
			buildSettings = {
				BUNDLE_LOADER = "$(TEST_HOST)";
				FRAMEWORK_SEARCH_PATHS = (
					"$(SDKROOT)/Developer/Library/Frameworks",
					"$(inherited)",
				);
				INFOPLIST_FILE = threadSampleTests/Info.plist;
				LD_RUNPATH_SEARCH_PATHS = "$(inherited) @executable_path/Frameworks @loader_path/Frameworks";
				PRODUCT_NAME = "$(TARGET_NAME)";
				TEST_HOST = "$(BUILT_PRODUCTS_DIR)/threadSample.app/threadSample";
			};
			name = Release;
		};
/* End XCBuildConfiguration section */

/* Begin XCConfigurationList section */
		294D35801AC6965C003EEA1F /* Build configuration list for PBXProject "threadSample" */ = {
			isa = XCConfigurationList;
			buildConfigurations = (
				294D35A51AC6965D003EEA1F /* Debug */,
				294D35A61AC6965D003EEA1F /* Release */,
			);
			defaultConfigurationIsVisible = 0;
			defaultConfigurationName = Release;
		};
		294D35A71AC6965D003EEA1F /* Build configuration list for PBXNativeTarget "threadSample" */ = {
			isa = XCConfigurationList;
			buildConfigurations = (
				294D35A81AC6965D003EEA1F /* Debug */,
				294D35A91AC6965D003EEA1F /* Release */,
			);
			defaultConfigurationIsVisible = 0;
		};
		294D35AA1AC6965D003EEA1F /* Build configuration list for PBXNativeTarget "threadSampleTests" */ = {
			isa = XCConfigurationList;
			buildConfigurations = (
				294D35AB1AC6965D003EEA1F /* Debug */,
				294D35AC1AC6965D003EEA1F /* Release */,
			);
			defaultConfigurationIsVisible = 0;
		};
/* End XCConfigurationList section */

/* Begin XCVersionGroup section */
		294D358C1AC6965C003EEA1F /* threadSample.xcdatamodeld */ = {
			isa = XCVersionGroup;
			children = (
				294D358D1AC6965C003EEA1F /* threadSample.xcdatamodel */,
			);
			currentVersion = 294D358D1AC6965C003EEA1F /* threadSample.xcdatamodel */;
			path = threadSample.xcdatamodeld;
			sourceTree = "<group>";
			versionGroupType = wrapper.xcdatamodel;
		};
/* End XCVersionGroup section */
	};
	rootObject = 294D357D1AC6965C003EEA1F /* Project object */;
}
