FORGE
  remote: https://forgeapi.puppetlabs.com
  specs:
    hfm-remi (1.7.0)
      puppetlabs-stdlib (< 5.0.0, >= 3.0.0)
      stahnma-epel (< 2.0.0, >= 1.0.0)
    puppet-nginx (0.12.0)
      puppetlabs-concat (< 5.0.0, >= 3.0.0)
      puppetlabs-stdlib (< 5.0.0, >= 4.22.0)
    puppetlabs-concat (4.2.1)
      puppetlabs-stdlib (< 5.0.0, >= 4.13.1)
    puppetlabs-stdlib (4.25.1)
    stahnma-epel (1.3.0)
      puppetlabs-stdlib (>= 3.0.0)

DEPENDENCIES
  hfm-remi (= 1.7.0)
  puppet-nginx (>= 0)
  stahnma-epel (= 1.3.0)

