{
    "_readme": [
        "This file locks the dependencies of your project to a known state",
        "Read more about it at http://getcomposer.org/doc/01-basic-usage.md#composer-lock-the-lock-file",
        "This file is @generated automatically"
    ],
    "hash": "c8583080ed69356af6cc49d95f0b932c",
    "packages": [
        {
            "name": "pdepend/pdepend",
            "version": "1.1.0",
            "source": {
                "type": "git",
                "url": "https://github.com/pdepend/pdepend.git",
                "reference": "fbeaa10ee57114d790be5fb6778dcf0404267fef"
            },
            "dist": {
                "type": "zip",
                "url": "https://api.github.com/repos/pdepend/pdepend/zipball/fbeaa10ee57114d790be5fb6778dcf0404267fef",
                "reference": "fbeaa10ee57114d790be5fb6778dcf0404267fef",
                "shasum": ""
            },
            "require": {
                "php": ">=5.2.3"
            },
            "bin": [
                "src/bin/pdepend"
            ],
            "type": "library",
            "notification-url": "https://packagist.org/downloads/",
            "description": "Official version of pdepend to be handled with Composer",
            "time": "2012-09-12 11:09:19"
        },
        {
            "name": "phpmd/phpmd",
            "version": "1.4.1",
            "source": {
                "type": "git",
                "url": "https://github.com/phpmd/phpmd.git",
                "reference": "7d03a50e937811970751697ad1aea33a1089d66f"
            },
            "dist": {
                "type": "zip",
                "url": "https://api.github.com/repos/phpmd/phpmd/zipball/7d03a50e937811970751697ad1aea33a1089d66f",
                "reference": "7d03a50e937811970751697ad1aea33a1089d66f",
                "shasum": ""
            },
            "require": {
                "pdepend/pdepend": "*",
                "php": ">=5.3.0"
            },
            "bin": [
                "src/bin/phpmd"
            ],
            "type": "library",
            "notification-url": "https://packagist.org/downloads/",
            "include-path": [
                "../../pdepend/pdepend/src/main/php",
                "src/main/php"
            ],
            "description": "Official version of PHPMD handled with Composer.",
            "time": "2012-12-14 12:25:09"
        }
    ],
    "packages-dev": [

    ],
    "aliases": [

    ],
    "minimum-stability": "stable",
    "stability-flags": [

    ],
    "platform": [

    ],
    "platform-dev": [

    ]
}
